
Microsoft Visual Studio Solution File, Format Version 12.00
# Visual Studio Version 17
VisualStudioVersion = 17.4.33103.184
MinimumVisualStudioVersion = 10.0.40219.1
Project("{FAE04EC0-301F-11D3-BF4B-00C04F79EFBC}") = "Lobby", "Lobby\Lobby.csproj", "{F6FFBCFD-6FDB-4185-AB54-20AB167DCA57}"
EndProject
Global
	GlobalSection(SolutionConfigurationPlatforms) = preSolution
		Debug|Any CPU = Debug|Any CPU
		Release|Any CPU = Release|Any CPU
	EndGlobalSection
	GlobalSection(ProjectConfigurationPlatforms) = postSolution
		{F6FFBCFD-6FDB-4185-AB54-20AB167DCA57}.Debug|Any CPU.ActiveCfg = Debug|Any CPU
		{F6FFBCFD-6FDB-4185-AB54-20AB167DCA57}.Debug|Any CPU.Build.0 = Debug|Any CPU
		{F6FFBCFD-6FDB-4185-AB54-20AB167DCA57}.Release|Any CPU.ActiveCfg = Release|Any CPU
		{F6FFBCFD-6FDB-4185-AB54-20AB167DCA57}.Release|Any CPU.Build.0 = Release|Any CPU
	EndGlobalSection
	GlobalSection(SolutionProperties) = preSolution
		HideSolutionNode = FALSE
	EndGlobalSection
	GlobalSection(ExtensibilityGlobals) = postSolution
		SolutionGuid = {E12F31A4-0BE3-4079-AB00-A9622456A49F}
	EndGlobalSection
EndGlobal
